// !$*UTF8*$!
{
	archiveVersion = 1;
	classes = {
	};
	objectVersion = 56;
	objects = {

/* Begin PBXBuildFile section */
		8AD4D3AEFBC8169E5EE1B0BB /* Pods_GPSGathering_iOS.framework in Frameworks */ = {isa = PBXBuildFile; fileRef = 57EEB235715974CCBE6472CB /* Pods_GPSGathering_iOS.framework */; };
		D15564A02B9698BB00852BEC /* AppDelegate.swift in Sources */ = {isa = PBXBuildFile; fileRef = D155649F2B9698BB00852BEC /* AppDelegate.swift */; };
		D15564A22B9698BB00852BEC /* SceneDelegate.swift in Sources */ = {isa = PBXBuildFile; fileRef = D15564A12B9698BB00852BEC /* SceneDelegate.swift */; };
		D15564A42B9698BB00852BEC /* ViewController.swift in Sources */ = {isa = PBXBuildFile; fileRef = D15564A32B9698BB00852BEC /* ViewController.swift */; };
		D15564A72B9698BB00852BEC /* Main.storyboard in Resources */ = {isa = PBXBuildFile; fileRef = D15564A52B9698BB00852BEC /* Main.storyboard */; };
		D15564AA2B9698BB00852BEC /* GPSGathering_iOS.xcdatamodeld in Sources */ = {isa = PBXBuildFile; fileRef = D15564A82B9698BB00852BEC /* GPSGathering_iOS.xcdatamodeld */; };
		D15564AC2B9698BC00852BEC /* Assets.xcassets in Resources */ = {isa = PBXBuildFile; fileRef = D15564AB2B9698BC00852BEC /* Assets.xcassets */; };
		D15564AF2B9698BC00852BEC /* LaunchScreen.storyboard in Resources */ = {isa = PBXBuildFile; fileRef = D15564AD2B9698BC00852BEC /* LaunchScreen.storyboard */; };
		D15564BD2B96B9ED00852BEC /* LocationManager.swift in Sources */ = {isa = PBXBuildFile; fileRef = D15564BC2B96B9ED00852BEC /* LocationManager.swift */; };
		D15564CC2B96D70300852BEC /* InfoPlist.strings in Resources */ = {isa = PBXBuildFile; fileRef = D15564CB2B96D70300852BEC /* InfoPlist.strings */; };
		D1EDBF7A2B96FDCF00052606 /* UserLocation+CoreDataClass.swift in Sources */ = {isa = PBXBuildFile; fileRef = D1EDBF782B96FDCF00052606 /* UserLocation+CoreDataClass.swift */; };
		D1EDBF7B2B96FDCF00052606 /* UserLocation+CoreDataProperties.swift in Sources */ = {isa = PBXBuildFile; fileRef = D1EDBF792B96FDCF00052606 /* UserLocation+CoreDataProperties.swift */; };
		D1EDBF7E2B97048D00052606 /* TimeStringConverter.swift in Sources */ = {isa = PBXBuildFile; fileRef = D1EDBF7D2B97048D00052606 /* TimeStringConverter.swift */; };
/* End PBXBuildFile section */

/* Begin PBXFileReference section */
		067765C14CB4147971FD5CB5 /* Pods-GPSGathering-iOS.release.xcconfig */ = {isa = PBXFileReference; includeInIndex = 1; lastKnownFileType = text.xcconfig; name = "Pods-GPSGathering-iOS.release.xcconfig"; path = "Target Support Files/Pods-GPSGathering-iOS/Pods-GPSGathering-iOS.release.xcconfig"; sourceTree = "<group>"; };
		57EEB235715974CCBE6472CB /* Pods_GPSGathering_iOS.framework */ = {isa = PBXFileReference; explicitFileType = wrapper.framework; includeInIndex = 0; path = Pods_GPSGathering_iOS.framework; sourceTree = BUILT_PRODUCTS_DIR; };
		D155649C2B9698BB00852BEC /* GPSGathering-iOS.app */ = {isa = PBXFileReference; explicitFileType = wrapper.application; includeInIndex = 0; path = "GPSGathering-iOS.app"; sourceTree = BUILT_PRODUCTS_DIR; };
		D155649F2B9698BB00852BEC /* AppDelegate.swift */ = {isa = PBXFileReference; lastKnownFileType = sourcecode.swift; path = AppDelegate.swift; sourceTree = "<group>"; };
		D15564A12B9698BB00852BEC /* SceneDelegate.swift */ = {isa = PBXFileReference; lastKnownFileType = sourcecode.swift; path = SceneDelegate.swift; sourceTree = "<group>"; };
		D15564A32B9698BB00852BEC /* ViewController.swift */ = {isa = PBXFileReference; lastKnownFileType = sourcecode.swift; path = ViewController.swift; sourceTree = "<group>"; };
		D15564A62B9698BB00852BEC /* Base */ = {isa = PBXFileReference; lastKnownFileType = file.storyboard; name = Base; path = Base.lproj/Main.storyboard; sourceTree = "<group>"; };
		D15564A92B9698BB00852BEC /* GPSGathering_iOS.xcdatamodel */ = {isa = PBXFileReference; lastKnownFileType = wrapper.xcdatamodel; path = GPSGathering_iOS.xcdatamodel; sourceTree = "<group>"; };
		D15564AB2B9698BC00852BEC /* Assets.xcassets */ = {isa = PBXFileReference; lastKnownFileType = folder.assetcatalog; path = Assets.xcassets; sourceTree = "<group>"; };
		D15564AE2B9698BC00852BEC /* Base */ = {isa = PBXFileReference; lastKnownFileType = file.storyboard; name = Base; path = Base.lproj/LaunchScreen.storyboard; sourceTree = "<group>"; };
		D15564B02B9698BC00852BEC /* Info.plist */ = {isa = PBXFileReference; lastKnownFileType = text.plist.xml; path = Info.plist; sourceTree = "<group>"; };
		D15564BC2B96B9ED00852BEC /* LocationManager.swift */ = {isa = PBXFileReference; lastKnownFileType = sourcecode.swift; path = LocationManager.swift; sourceTree = "<group>"; };
		D15564CB2B96D70300852BEC /* InfoPlist.strings */ = {isa = PBXFileReference; lastKnownFileType = text.plist.strings; path = InfoPlist.strings; sourceTree = "<group>"; };
		D1EDBF782B96FDCF00052606 /* UserLocation+CoreDataClass.swift */ = {isa = PBXFileReference; lastKnownFileType = sourcecode.swift; path = "UserLocation+CoreDataClass.swift"; sourceTree = "<group>"; };
		D1EDBF792B96FDCF00052606 /* UserLocation+CoreDataProperties.swift */ = {isa = PBXFileReference; lastKnownFileType = sourcecode.swift; path = "UserLocation+CoreDataProperties.swift"; sourceTree = "<group>"; };
		D1EDBF7D2B97048D00052606 /* TimeStringConverter.swift */ = {isa = PBXFileReference; lastKnownFileType = sourcecode.swift; path = TimeStringConverter.swift; sourceTree = "<group>"; };
		F881B62856121D60E2C5C81C /* Pods-GPSGathering-iOS.debug.xcconfig */ = {isa = PBXFileReference; includeInIndex = 1; lastKnownFileType = text.xcconfig; name = "Pods-GPSGathering-iOS.debug.xcconfig"; path = "Target Support Files/Pods-GPSGathering-iOS/Pods-GPSGathering-iOS.debug.xcconfig"; sourceTree = "<group>"; };
/* End PBXFileReference section */

/* Begin PBXFrameworksBuildPhase section */
		D15564992B9698BB00852BEC /* Frameworks */ = {
			isa = PBXFrameworksBuildPhase;
			buildActionMask = 2147483647;
			files = (
				8AD4D3AEFBC8169E5EE1B0BB /* Pods_GPSGathering_iOS.framework in Frameworks */,
			);
			runOnlyForDeploymentPostprocessing = 0;
		};
/* End PBXFrameworksBuildPhase section */

/* Begin PBXGroup section */
		263BDDF77AB5708E00ACAA01 /* Pods */ = {
			isa = PBXGroup;
			children = (
				F881B62856121D60E2C5C81C /* Pods-GPSGathering-iOS.debug.xcconfig */,
				067765C14CB4147971FD5CB5 /* Pods-GPSGathering-iOS.release.xcconfig */,
			);
			path = Pods;
			sourceTree = "<group>";
		};
		D15564932B9698BB00852BEC = {
			isa = PBXGroup;
			children = (
				D155649E2B9698BB00852BEC /* GPSGathering-iOS */,
				D155649D2B9698BB00852BEC /* Products */,
				263BDDF77AB5708E00ACAA01 /* Pods */,
				FAC1E51D526769C986145724 /* Frameworks */,
			);
			sourceTree = "<group>";
		};
		D155649D2B9698BB00852BEC /* Products */ = {
			isa = PBXGroup;
			children = (
				D155649C2B9698BB00852BEC /* GPSGathering-iOS.app */,
			);
			name = Products;
			sourceTree = "<group>";
		};
		D155649E2B9698BB00852BEC /* GPSGathering-iOS */ = {
			isa = PBXGroup;
			children = (
				D155649F2B9698BB00852BEC /* AppDelegate.swift */,
				D15564A12B9698BB00852BEC /* SceneDelegate.swift */,
				D1EDBF7F2B97049000052606 /* Extensions */,
				D1EDBF7C2B96FDEB00052606 /* Models */,
				D15564CD2B96D79700852BEC /* ViewControllers */,
				D15564CE2B96D79E00852BEC /* Utils */,
				D15564A52B9698BB00852BEC /* Main.storyboard */,
				D15564AB2B9698BC00852BEC /* Assets.xcassets */,
				D15564AD2B9698BC00852BEC /* LaunchScreen.storyboard */,
				D15564B02B9698BC00852BEC /* Info.plist */,
				D15564A82B9698BB00852BEC /* GPSGathering_iOS.xcdatamodeld */,
				D15564BE2B96D50C00852BEC /* Resources */,
			);
			path = "GPSGathering-iOS";
			sourceTree = "<group>";
		};
		D15564BE2B96D50C00852BEC /* Resources */ = {
			isa = PBXGroup;
			children = (
				D15564CB2B96D70300852BEC /* InfoPlist.strings */,
			);
			path = Resources;
			sourceTree = "<group>";
		};
		D15564CD2B96D79700852BEC /* ViewControllers */ = {
			isa = PBXGroup;
			children = (
				D15564A32B9698BB00852BEC /* ViewController.swift */,
			);
			path = ViewControllers;
			sourceTree = "<group>";
		};
		D15564CE2B96D79E00852BEC /* Utils */ = {
			isa = PBXGroup;
			children = (
				D15564BC2B96B9ED00852BEC /* LocationManager.swift */,
			);
			path = Utils;
			sourceTree = "<group>";
		};
		D1EDBF7C2B96FDEB00052606 /* Models */ = {
			isa = PBXGroup;
			children = (
				D1EDBF782B96FDCF00052606 /* UserLocation+CoreDataClass.swift */,
				D1EDBF792B96FDCF00052606 /* UserLocation+CoreDataProperties.swift */,
			);
			path = Models;
			sourceTree = "<group>";
		};
		D1EDBF7F2B97049000052606 /* Extensions */ = {
			isa = PBXGroup;
			children = (
				D1EDBF7D2B97048D00052606 /* TimeStringConverter.swift */,
			);
			path = Extensions;
			sourceTree = "<group>";
		};
		FAC1E51D526769C986145724 /* Frameworks */ = {
			isa = PBXGroup;
			children = (
				57EEB235715974CCBE6472CB /* Pods_GPSGathering_iOS.framework */,
			);
			name = Frameworks;
			sourceTree = "<group>";
		};
/* End PBXGroup section */

/* Begin PBXNativeTarget section */
		D155649B2B9698BB00852BEC /* GPSGathering-iOS */ = {
			isa = PBXNativeTarget;
			buildConfigurationList = D15564B32B9698BC00852BEC /* Build configuration list for PBXNativeTarget "GPSGathering-iOS" */;
			buildPhases = (
				B2E64BDAF01C8077010A05BF /* [CP] Check Pods Manifest.lock */,
				D15564982B9698BB00852BEC /* Sources */,
				D15564992B9698BB00852BEC /* Frameworks */,
				D155649A2B9698BB00852BEC /* Resources */,
				5858983C26C12AC1D3617497 /* [CP] Embed Pods Frameworks */,
			);
			buildRules = (
			);
			dependencies = (
			);
			name = "GPSGathering-iOS";
			productName = "GPSGathering-iOS";
			productReference = D155649C2B9698BB00852BEC /* GPSGathering-iOS.app */;
			productType = "com.apple.product-type.application";
		};
/* End PBXNativeTarget section */

/* Begin PBXProject section */
		D15564942B9698BB00852BEC /* Project object */ = {
			isa = PBXProject;
			attributes = {
				BuildIndependentTargetsInParallel = 1;
				LastSwiftUpdateCheck = 1500;
				LastUpgradeCheck = 1500;
				TargetAttributes = {
					D155649B2B9698BB00852BEC = {
						CreatedOnToolsVersion = 15.0;
					};
				};
			};
			buildConfigurationList = D15564972B9698BB00852BEC /* Build configuration list for PBXProject "GPSGathering-iOS" */;
			compatibilityVersion = "Xcode 14.0";
			developmentRegion = en;
			hasScannedForEncodings = 0;
			knownRegions = (
				en,
				Base,
			);
			mainGroup = D15564932B9698BB00852BEC;
			productRefGroup = D155649D2B9698BB00852BEC /* Products */;
			projectDirPath = "";
			projectRoot = "";
			targets = (
				D155649B2B9698BB00852BEC /* GPSGathering-iOS */,
			);
		};
/* End PBXProject section */

/* Begin PBXResourcesBuildPhase section */
		D155649A2B9698BB00852BEC /* Resources */ = {
			isa = PBXResourcesBuildPhase;
			buildActionMask = 2147483647;
			files = (
				D15564AF2B9698BC00852BEC /* LaunchScreen.storyboard in Resources */,
				D15564CC2B96D70300852BEC /* InfoPlist.strings in Resources */,
				D15564AC2B9698BC00852BEC /* Assets.xcassets in Resources */,
				D15564A72B9698BB00852BEC /* Main.storyboard in Resources */,
			);
			runOnlyForDeploymentPostprocessing = 0;
		};
/* End PBXResourcesBuildPhase section */

/* Begin PBXShellScriptBuildPhase section */
		5858983C26C12AC1D3617497 /* [CP] Embed Pods Frameworks */ = {
			isa = PBXShellScriptBuildPhase;
			buildActionMask = 2147483647;
			files = (
			);
			inputFileListPaths = (
				"${PODS_ROOT}/Target Support Files/Pods-GPSGathering-iOS/Pods-GPSGathering-iOS-frameworks-${CONFIGURATION}-input-files.xcfilelist",
			);
			name = "[CP] Embed Pods Frameworks";
			outputFileListPaths = (
				"${PODS_ROOT}/Target Support Files/Pods-GPSGathering-iOS/Pods-GPSGathering-iOS-frameworks-${CONFIGURATION}-output-files.xcfilelist",
			);
			runOnlyForDeploymentPostprocessing = 0;
			shellPath = /bin/sh;
			shellScript = "\"${PODS_ROOT}/Target Support Files/Pods-GPSGathering-iOS/Pods-GPSGathering-iOS-frameworks.sh\"\n";
			showEnvVarsInLog = 0;
		};
		B2E64BDAF01C8077010A05BF /* [CP] Check Pods Manifest.lock */ = {
			isa = PBXShellScriptBuildPhase;
			buildActionMask = 2147483647;
			files = (
			);
			inputFileListPaths = (
			);
			inputPaths = (
				"${PODS_PODFILE_DIR_PATH}/Podfile.lock",
				"${PODS_ROOT}/Manifest.lock",
			);
			name = "[CP] Check Pods Manifest.lock";
			outputFileListPaths = (
			);
			outputPaths = (
				"$(DERIVED_FILE_DIR)/Pods-GPSGathering-iOS-checkManifestLockResult.txt",
			);
			runOnlyForDeploymentPostprocessing = 0;
			shellPath = /bin/sh;
			shellScript = "diff \"${PODS_PODFILE_DIR_PATH}/Podfile.lock\" \"${PODS_ROOT}/Manifest.lock\" > /dev/null\nif [ $? != 0 ] ; then\n    # print error to STDERR\n    echo \"error: The sandbox is not in sync with the Podfile.lock. Run 'pod install' or update your CocoaPods installation.\" >&2\n    exit 1\nfi\n# This output is used by Xcode 'outputs' to avoid re-running this script phase.\necho \"SUCCESS\" > \"${SCRIPT_OUTPUT_FILE_0}\"\n";
			showEnvVarsInLog = 0;
		};
/* End PBXShellScriptBuildPhase section */

/* Begin PBXSourcesBuildPhase section */
		D15564982B9698BB00852BEC /* Sources */ = {
			isa = PBXSourcesBuildPhase;
			buildActionMask = 2147483647;
			files = (
				D15564A42B9698BB00852BEC /* ViewController.swift in Sources */,
				D15564A02B9698BB00852BEC /* AppDelegate.swift in Sources */,
				D15564BD2B96B9ED00852BEC /* LocationManager.swift in Sources */,
				D1EDBF7B2B96FDCF00052606 /* UserLocation+CoreDataProperties.swift in Sources */,
				D1EDBF7A2B96FDCF00052606 /* UserLocation+CoreDataClass.swift in Sources */,
				D15564AA2B9698BB00852BEC /* GPSGathering_iOS.xcdatamodeld in Sources */,
				D1EDBF7E2B97048D00052606 /* TimeStringConverter.swift in Sources */,
				D15564A22B9698BB00852BEC /* SceneDelegate.swift in Sources */,
			);
			runOnlyForDeploymentPostprocessing = 0;
		};
/* End PBXSourcesBuildPhase section */

/* Begin PBXVariantGroup section */
		D15564A52B9698BB00852BEC /* Main.storyboard */ = {
			isa = PBXVariantGroup;
			children = (
				D15564A62B9698BB00852BEC /* Base */,
			);
			name = Main.storyboard;
			sourceTree = "<group>";
		};
		D15564AD2B9698BC00852BEC /* LaunchScreen.storyboard */ = {
			isa = PBXVariantGroup;
			children = (
				D15564AE2B9698BC00852BEC /* Base */,
			);
			name = LaunchScreen.storyboard;
			sourceTree = "<group>";
		};
/* End PBXVariantGroup section */

/* Begin XCBuildConfiguration section */
		D15564B12B9698BC00852BEC /* Debug */ = {
			isa = XCBuildConfiguration;
			buildSettings = {
				ALWAYS_SEARCH_USER_PATHS = NO;
				ASSETCATALOG_COMPILER_GENERATE_SWIFT_ASSET_SYMBOL_EXTENSIONS = YES;
				CLANG_ANALYZER_NONNULL = YES;
				CLANG_ANALYZER_NUMBER_OBJECT_CONVERSION = YES_AGGRESSIVE;
				CLANG_CXX_LANGUAGE_STANDARD = "gnu++20";
				CLANG_ENABLE_MODULES = YES;
				CLANG_ENABLE_OBJC_ARC = YES;
				CLANG_ENABLE_OBJC_WEAK = YES;
				CLANG_WARN_BLOCK_CAPTURE_AUTORELEASING = YES;
				CLANG_WARN_BOOL_CONVERSION = YES;
				CLANG_WARN_COMMA = YES;
				CLANG_WARN_CONSTANT_CONVERSION = YES;
				CLANG_WARN_DEPRECATED_OBJC_IMPLEMENTATIONS = YES;
				CLANG_WARN_DIRECT_OBJC_ISA_USAGE = YES_ERROR;
				CLANG_WARN_DOCUMENTATION_COMMENTS = YES;
				CLANG_WARN_EMPTY_BODY = YES;
				CLANG_WARN_ENUM_CONVERSION = YES;
				CLANG_WARN_INFINITE_RECURSION = YES;
				CLANG_WARN_INT_CONVERSION = YES;
				CLANG_WARN_NON_LITERAL_NULL_CONVERSION = YES;
				CLANG_WARN_OBJC_IMPLICIT_RETAIN_SELF = YES;
				CLANG_WARN_OBJC_LITERAL_CONVERSION = YES;
				CLANG_WARN_OBJC_ROOT_CLASS = YES_ERROR;
				CLANG_WARN_QUOTED_INCLUDE_IN_FRAMEWORK_HEADER = YES;
				CLANG_WARN_RANGE_LOOP_ANALYSIS = YES;
				CLANG_WARN_STRICT_PROTOTYPES = YES;
				CLANG_WARN_SUSPICIOUS_MOVE = YES;
				CLANG_WARN_UNGUARDED_AVAILABILITY = YES_AGGRESSIVE;
				CLANG_WARN_UNREACHABLE_CODE = YES;
				CLANG_WARN__DUPLICATE_METHOD_MATCH = YES;
				COPY_PHASE_STRIP = NO;
				DEBUG_INFORMATION_FORMAT = dwarf;
				ENABLE_STRICT_OBJC_MSGSEND = YES;
				ENABLE_TESTABILITY = YES;
				ENABLE_USER_SCRIPT_SANDBOXING = NO;
				GCC_C_LANGUAGE_STANDARD = gnu17;
				GCC_DYNAMIC_NO_PIC = NO;
				GCC_NO_COMMON_BLOCKS = YES;
				GCC_OPTIMIZATION_LEVEL = 0;
				GCC_PREPROCESSOR_DEFINITIONS = (
					"DEBUG=1",
					"$(inherited)",
				);
				GCC_WARN_64_TO_32_BIT_CONVERSION = YES;
				GCC_WARN_ABOUT_RETURN_TYPE = YES_ERROR;
				GCC_WARN_UNDECLARED_SELECTOR = YES;
				GCC_WARN_UNINITIALIZED_AUTOS = YES_AGGRESSIVE;
				GCC_WARN_UNUSED_FUNCTION = YES;
				GCC_WARN_UNUSED_VARIABLE = YES;
				IPHONEOS_DEPLOYMENT_TARGET = 17.0;
				LOCALIZATION_PREFERS_STRING_CATALOGS = YES;
				MTL_ENABLE_DEBUG_INFO = INCLUDE_SOURCE;
				MTL_FAST_MATH = YES;
				ONLY_ACTIVE_ARCH = YES;
				SDKROOT = iphoneos;
				SWIFT_ACTIVE_COMPILATION_CONDITIONS = "DEBUG $(inherited)";
				SWIFT_OPTIMIZATION_LEVEL = "-Onone";
			};
			name = Debug;
		};
		D15564B22B9698BC00852BEC /* Release */ = {
			isa = XCBuildConfiguration;
			buildSettings = {
				ALWAYS_SEARCH_USER_PATHS = NO;
				ASSETCATALOG_COMPILER_GENERATE_SWIFT_ASSET_SYMBOL_EXTENSIONS = YES;
				CLANG_ANALYZER_NONNULL = YES;
				CLANG_ANALYZER_NUMBER_OBJECT_CONVERSION = YES_AGGRESSIVE;
				CLANG_CXX_LANGUAGE_STANDARD = "gnu++20";
				CLANG_ENABLE_MODULES = YES;
				CLANG_ENABLE_OBJC_ARC = YES;
				CLANG_ENABLE_OBJC_WEAK = YES;
				CLANG_WARN_BLOCK_CAPTURE_AUTORELEASING = YES;
				CLANG_WARN_BOOL_CONVERSION = YES;
				CLANG_WARN_COMMA = YES;
				CLANG_WARN_CONSTANT_CONVERSION = YES;
				CLANG_WARN_DEPRECATED_OBJC_IMPLEMENTATIONS = YES;
				CLANG_WARN_DIRECT_OBJC_ISA_USAGE = YES_ERROR;
				CLANG_WARN_DOCUMENTATION_COMMENTS = YES;
				CLANG_WARN_EMPTY_BODY = YES;
				CLANG_WARN_ENUM_CONVERSION = YES;
				CLANG_WARN_INFINITE_RECURSION = YES;
				CLANG_WARN_INT_CONVERSION = YES;
				CLANG_WARN_NON_LITERAL_NULL_CONVERSION = YES;
				CLANG_WARN_OBJC_IMPLICIT_RETAIN_SELF = YES;
				CLANG_WARN_OBJC_LITERAL_CONVERSION = YES;
				CLANG_WARN_OBJC_ROOT_CLASS = YES_ERROR;
				CLANG_WARN_QUOTED_INCLUDE_IN_FRAMEWORK_HEADER = YES;
				CLANG_WARN_RANGE_LOOP_ANALYSIS = YES;
				CLANG_WARN_STRICT_PROTOTYPES = YES;
				CLANG_WARN_SUSPICIOUS_MOVE = YES;
				CLANG_WARN_UNGUARDED_AVAILABILITY = YES_AGGRESSIVE;
				CLANG_WARN_UNREACHABLE_CODE = YES;
				CLANG_WARN__DUPLICATE_METHOD_MATCH = YES;
				COPY_PHASE_STRIP = NO;
				DEBUG_INFORMATION_FORMAT = "dwarf-with-dsym";
				ENABLE_NS_ASSERTIONS = NO;
				ENABLE_STRICT_OBJC_MSGSEND = YES;
				ENABLE_USER_SCRIPT_SANDBOXING = NO;
				GCC_C_LANGUAGE_STANDARD = gnu17;
				GCC_NO_COMMON_BLOCKS = YES;
				GCC_WARN_64_TO_32_BIT_CONVERSION = YES;
				GCC_WARN_ABOUT_RETURN_TYPE = YES_ERROR;
				GCC_WARN_UNDECLARED_SELECTOR = YES;
				GCC_WARN_UNINITIALIZED_AUTOS = YES_AGGRESSIVE;
				GCC_WARN_UNUSED_FUNCTION = YES;
				GCC_WARN_UNUSED_VARIABLE = YES;
				IPHONEOS_DEPLOYMENT_TARGET = 17.0;
				LOCALIZATION_PREFERS_STRING_CATALOGS = YES;
				MTL_ENABLE_DEBUG_INFO = NO;
				MTL_FAST_MATH = YES;
				SDKROOT = iphoneos;
				SWIFT_COMPILATION_MODE = wholemodule;
				VALIDATE_PRODUCT = YES;
			};
			name = Release;
		};
		D15564B42B9698BC00852BEC /* Debug */ = {
			isa = XCBuildConfiguration;
			baseConfigurationReference = F881B62856121D60E2C5C81C /* Pods-GPSGathering-iOS.debug.xcconfig */;
			buildSettings = {
				ASSETCATALOG_COMPILER_APPICON_NAME = AppIcon;
				ASSETCATALOG_COMPILER_GLOBAL_ACCENT_COLOR_NAME = AccentColor;
				CODE_SIGN_STYLE = Automatic;
				CURRENT_PROJECT_VERSION = 1;
				DEVELOPMENT_TEAM = 99JHARCHAM;
				GENERATE_INFOPLIST_FILE = YES;
				INFOPLIST_FILE = "GPSGathering-iOS/Info.plist";
				INFOPLIST_KEY_LSApplicationCategoryType = "";
				INFOPLIST_KEY_NSLocationWhenInUseUsageDescription = "";
				INFOPLIST_KEY_UIApplicationSupportsIndirectInputEvents = YES;
				INFOPLIST_KEY_UILaunchStoryboardName = LaunchScreen;
				INFOPLIST_KEY_UIMainStoryboardFile = Main;
				INFOPLIST_KEY_UISupportedInterfaceOrientations_iPad = "UIInterfaceOrientationPortrait UIInterfaceOrientationPortraitUpsideDown UIInterfaceOrientationLandscapeLeft UIInterfaceOrientationLandscapeRight";
				INFOPLIST_KEY_UISupportedInterfaceOrientations_iPhone = "UIInterfaceOrientationPortrait UIInterfaceOrientationLandscapeLeft UIInterfaceOrientationLandscapeRight";
				LD_RUNPATH_SEARCH_PATHS = (
					"$(inherited)",
					"@executable_path/Frameworks",
				);
				MARKETING_VERSION = 1.0;
				PRODUCT_BUNDLE_IDENTIFIER = "com.example.insanebear.GPSGathering-iOS";
				PRODUCT_NAME = "$(TARGET_NAME)";
				SWIFT_EMIT_LOC_STRINGS = YES;
				SWIFT_VERSION = 5.0;
				TARGETED_DEVICE_FAMILY = "1,2";
			};
			name = Debug;
		};
		D15564B52B9698BC00852BEC /* Release */ = {
			isa = XCBuildConfiguration;
			baseConfigurationReference = 067765C14CB4147971FD5CB5 /* Pods-GPSGathering-iOS.release.xcconfig */;
			buildSettings = {
				ASSETCATALOG_COMPILER_APPICON_NAME = AppIcon;
				ASSETCATALOG_COMPILER_GLOBAL_ACCENT_COLOR_NAME = AccentColor;
				CODE_SIGN_STYLE = Automatic;
				CURRENT_PROJECT_VERSION = 1;
				DEVELOPMENT_TEAM = 99JHARCHAM;
				GENERATE_INFOPLIST_FILE = YES;
				INFOPLIST_FILE = "GPSGathering-iOS/Info.plist";
				INFOPLIST_KEY_LSApplicationCategoryType = "";
				INFOPLIST_KEY_NSLocationWhenInUseUsageDescription = "";
				INFOPLIST_KEY_UIApplicationSupportsIndirectInputEvents = YES;
				INFOPLIST_KEY_UILaunchStoryboardName = LaunchScreen;
				INFOPLIST_KEY_UIMainStoryboardFile = Main;
				INFOPLIST_KEY_UISupportedInterfaceOrientations_iPad = "UIInterfaceOrientationPortrait UIInterfaceOrientationPortraitUpsideDown UIInterfaceOrientationLandscapeLeft UIInterfaceOrientationLandscapeRight";
				INFOPLIST_KEY_UISupportedInterfaceOrientations_iPhone = "UIInterfaceOrientationPortrait UIInterfaceOrientationLandscapeLeft UIInterfaceOrientationLandscapeRight";
				LD_RUNPATH_SEARCH_PATHS = (
					"$(inherited)",
					"@executable_path/Frameworks",
				);
				MARKETING_VERSION = 1.0;
				PRODUCT_BUNDLE_IDENTIFIER = "com.example.insanebear.GPSGathering-iOS";
				PRODUCT_NAME = "$(TARGET_NAME)";
				SWIFT_EMIT_LOC_STRINGS = YES;
				SWIFT_VERSION = 5.0;
				TARGETED_DEVICE_FAMILY = "1,2";
			};
			name = Release;
		};
/* End XCBuildConfiguration section */

/* Begin XCConfigurationList section */
		D15564972B9698BB00852BEC /* Build configuration list for PBXProject "GPSGathering-iOS" */ = {
			isa = XCConfigurationList;
			buildConfigurations = (
				D15564B12B9698BC00852BEC /* Debug */,
				D15564B22B9698BC00852BEC /* Release */,
			);
			defaultConfigurationIsVisible = 0;
			defaultConfigurationName = Release;
		};
		D15564B32B9698BC00852BEC /* Build configuration list for PBXNativeTarget "GPSGathering-iOS" */ = {
			isa = XCConfigurationList;
			buildConfigurations = (
				D15564B42B9698BC00852BEC /* Debug */,
				D15564B52B9698BC00852BEC /* Release */,
			);
			defaultConfigurationIsVisible = 0;
			defaultConfigurationName = Release;
		};
/* End XCConfigurationList section */

/* Begin XCVersionGroup section */
		D15564A82B9698BB00852BEC /* GPSGathering_iOS.xcdatamodeld */ = {
			isa = XCVersionGroup;
			children = (
				D15564A92B9698BB00852BEC /* GPSGathering_iOS.xcdatamodel */,
			);
			currentVersion = D15564A92B9698BB00852BEC /* GPSGathering_iOS.xcdatamodel */;
			path = GPSGathering_iOS.xcdatamodeld;
			sourceTree = "<group>";
			versionGroupType = wrapper.xcdatamodel;
		};
/* End XCVersionGroup section */
	};
	rootObject = D15564942B9698BB00852BEC /* Project object */;
}
